
Microsoft Visual Studio Solution File, Format Version 12.00
# Visual Studio Version 16
VisualStudioVersion = 16.0.30002.166
MinimumVisualStudioVersion = 10.0.40219.1
Project("{FAE04EC0-301F-11D3-BF4B-00C04F79EFBC}") = "CompanioNc", "CompanioNc\CompanioNc.csproj", "{AA057EFC-FD1B-4AEB-ABCD-04177AF2DE8E}"
EndProject
Project("{FAE04EC0-301F-11D3-BF4B-00C04F79EFBC}") = "Aviad.WPF.Controls", "ACTB\Aviad.WPF.Controls.csproj", "{952E558B-6E94-49A5-BA50-EC50C044709C}"
EndProject
Global
	GlobalSection(SolutionConfigurationPlatforms) = preSolution
		Debug|Any CPU = Debug|Any CPU
		Release|Any CPU = Release|Any CPU
	EndGlobalSection
	GlobalSection(ProjectConfigurationPlatforms) = postSolution
		{AA057EFC-FD1B-4AEB-ABCD-04177AF2DE8E}.Debug|Any CPU.ActiveCfg = Debug|Any CPU
		{AA057EFC-FD1B-4AEB-ABCD-04177AF2DE8E}.Debug|Any CPU.Build.0 = Debug|Any CPU
		{AA057EFC-FD1B-4AEB-ABCD-04177AF2DE8E}.Release|Any CPU.ActiveCfg = Release|Any CPU
		{AA057EFC-FD1B-4AEB-ABCD-04177AF2DE8E}.Release|Any CPU.Build.0 = Release|Any CPU
		{952E558B-6E94-49A5-BA50-EC50C044709C}.Debug|Any CPU.ActiveCfg = Debug|Any CPU
		{952E558B-6E94-49A5-BA50-EC50C044709C}.Debug|Any CPU.Build.0 = Debug|Any CPU
		{952E558B-6E94-49A5-BA50-EC50C044709C}.Release|Any CPU.ActiveCfg = Release|Any CPU
		{952E558B-6E94-49A5-BA50-EC50C044709C}.Release|Any CPU.Build.0 = Release|Any CPU
	EndGlobalSection
	GlobalSection(SolutionProperties) = preSolution
		HideSolutionNode = FALSE
	EndGlobalSection
	GlobalSection(ExtensibilityGlobals) = postSolution
		SolutionGuid = {06E7F9EE-FB5C-45F5-971E-15B07E3294EC}
	EndGlobalSection
EndGlobal
